
Microsoft Visual Studio Solution File, Format Version 12.00
# Visual Studio Version 16
VisualStudioVersion = 16.0.28803.156
MinimumVisualStudioVersion = 10.0.40219.1
Project("{2150E333-8FDC-42A3-9474-1A3956D46DE8}") = "Solution Items", "Solution Items", "{D5C97089-F896-436D-8E99-27B2E43BC65F}"
	ProjectSection(SolutionItems) = preProject
		appveyor.yml = appveyor.yml
		LICENSE = LICENSE
		README.md = README.md
		roadmap.md = roadmap.md
	EndProjectSection
EndProject
Project("{FAE04EC0-301F-11D3-BF4B-00C04F79EFBC}") = "CoAPClient", "Clients\CoAPClient\CoAPClient.csproj", "{EE801BD6-5757-4A55-BC94-7FBA6E98F393}"
EndProject
Project("{9A19103F-16F7-4668-BE54-9A1E7A4F7556}") = "MQTTClient", "Clients\MQTTClient\MQTTClient.csproj", "{E3283D95-51F9-43EE-A49A-BC419B6924DF}"
EndProject
Project("{8BC9CEB8-8B4A-11D0-8D11-00A0C91BC942}") = "MQTT-C-Client", "Clients\MQTT-C-Client\MQTT-C-Client.vcxproj", "{DD36544C-2E7C-4388-B34F-FF705E141E4A}"
EndProject
Project("{9A19103F-16F7-4668-BE54-9A1E7A4F7556}") = "IoTSharp.EdgeSdk.MQTT", "IoTSharp.EdgeSdk.MQTT\IoTSharp.EdgeSdk.MQTT.csproj", "{FE56C09F-89F0-4AC5-8615-AFBB4C23F937}"
EndProject
Project("{9A19103F-16F7-4668-BE54-9A1E7A4F7556}") = "IoTSharp.Edge.ModBus", "IoTSharp.Edge.ModBus\IoTSharp.Edge.ModBus.csproj", "{9267A0CE-ECBC-41E4-AD83-927117FD625E}"
EndProject
Project("{9A19103F-16F7-4668-BE54-9A1E7A4F7556}") = "IoTSharp.Extensions", "IoTSharp.Extensions\IoTSharp.Extensions.csproj", "{551E62E3-51DA-4C1D-8DBB-7346A29EE817}"
EndProject
Global
	GlobalSection(SolutionConfigurationPlatforms) = preSolution
		Debug|Any CPU = Debug|Any CPU
		Debug|ARM = Debug|ARM
		Debug|ARM64 = Debug|ARM64
		Debug|x64 = Debug|x64
		Debug|x86 = Debug|x86
		Release|Any CPU = Release|Any CPU
		Release|ARM = Release|ARM
		Release|ARM64 = Release|ARM64
		Release|x64 = Release|x64
		Release|x86 = Release|x86
	EndGlobalSection
	GlobalSection(ProjectConfigurationPlatforms) = postSolution
		{EE801BD6-5757-4A55-BC94-7FBA6E98F393}.Debug|Any CPU.ActiveCfg = Debug|Any CPU
		{EE801BD6-5757-4A55-BC94-7FBA6E98F393}.Debug|Any CPU.Build.0 = Debug|Any CPU
		{EE801BD6-5757-4A55-BC94-7FBA6E98F393}.Debug|ARM.ActiveCfg = Debug|Any CPU
		{EE801BD6-5757-4A55-BC94-7FBA6E98F393}.Debug|ARM.Build.0 = Debug|Any CPU
		{EE801BD6-5757-4A55-BC94-7FBA6E98F393}.Debug|ARM64.ActiveCfg = Debug|Any CPU
		{EE801BD6-5757-4A55-BC94-7FBA6E98F393}.Debug|ARM64.Build.0 = Debug|Any CPU
		{EE801BD6-5757-4A55-BC94-7FBA6E98F393}.Debug|x64.ActiveCfg = Debug|Any CPU
		{EE801BD6-5757-4A55-BC94-7FBA6E98F393}.Debug|x64.Build.0 = Debug|Any CPU
		{EE801BD6-5757-4A55-BC94-7FBA6E98F393}.Debug|x86.ActiveCfg = Debug|Any CPU
		{EE801BD6-5757-4A55-BC94-7FBA6E98F393}.Debug|x86.Build.0 = Debug|Any CPU
		{EE801BD6-5757-4A55-BC94-7FBA6E98F393}.Release|Any CPU.ActiveCfg = Release|Any CPU
		{EE801BD6-5757-4A55-BC94-7FBA6E98F393}.Release|Any CPU.Build.0 = Release|Any CPU
		{EE801BD6-5757-4A55-BC94-7FBA6E98F393}.Release|ARM.ActiveCfg = Release|Any CPU
		{EE801BD6-5757-4A55-BC94-7FBA6E98F393}.Release|ARM.Build.0 = Release|Any CPU
		{EE801BD6-5757-4A55-BC94-7FBA6E98F393}.Release|ARM64.ActiveCfg = Release|Any CPU
		{EE801BD6-5757-4A55-BC94-7FBA6E98F393}.Release|ARM64.Build.0 = Release|Any CPU
		{EE801BD6-5757-4A55-BC94-7FBA6E98F393}.Release|x64.ActiveCfg = Release|Any CPU
		{EE801BD6-5757-4A55-BC94-7FBA6E98F393}.Release|x64.Build.0 = Release|Any CPU
		{EE801BD6-5757-4A55-BC94-7FBA6E98F393}.Release|x86.ActiveCfg = Release|Any CPU
		{EE801BD6-5757-4A55-BC94-7FBA6E98F393}.Release|x86.Build.0 = Release|Any CPU
		{E3283D95-51F9-43EE-A49A-BC419B6924DF}.Debug|Any CPU.ActiveCfg = Debug|Any CPU
		{E3283D95-51F9-43EE-A49A-BC419B6924DF}.Debug|Any CPU.Build.0 = Debug|Any CPU
		{E3283D95-51F9-43EE-A49A-BC419B6924DF}.Debug|ARM.ActiveCfg = Debug|Any CPU
		{E3283D95-51F9-43EE-A49A-BC419B6924DF}.Debug|ARM.Build.0 = Debug|Any CPU
		{E3283D95-51F9-43EE-A49A-BC419B6924DF}.Debug|ARM64.ActiveCfg = Debug|Any CPU
		{E3283D95-51F9-43EE-A49A-BC419B6924DF}.Debug|ARM64.Build.0 = Debug|Any CPU
		{E3283D95-51F9-43EE-A49A-BC419B6924DF}.Debug|x64.ActiveCfg = Debug|Any CPU
		{E3283D95-51F9-43EE-A49A-BC419B6924DF}.Debug|x64.Build.0 = Debug|Any CPU
		{E3283D95-51F9-43EE-A49A-BC419B6924DF}.Debug|x86.ActiveCfg = Debug|Any CPU
		{E3283D95-51F9-43EE-A49A-BC419B6924DF}.Debug|x86.Build.0 = Debug|Any CPU
		{E3283D95-51F9-43EE-A49A-BC419B6924DF}.Release|Any CPU.ActiveCfg = Release|Any CPU
		{E3283D95-51F9-43EE-A49A-BC419B6924DF}.Release|Any CPU.Build.0 = Release|Any CPU
		{E3283D95-51F9-43EE-A49A-BC419B6924DF}.Release|ARM.ActiveCfg = Release|Any CPU
		{E3283D95-51F9-43EE-A49A-BC419B6924DF}.Release|ARM.Build.0 = Release|Any CPU
		{E3283D95-51F9-43EE-A49A-BC419B6924DF}.Release|ARM64.ActiveCfg = Release|Any CPU
		{E3283D95-51F9-43EE-A49A-BC419B6924DF}.Release|ARM64.Build.0 = Release|Any CPU
		{E3283D95-51F9-43EE-A49A-BC419B6924DF}.Release|x64.ActiveCfg = Release|Any CPU
		{E3283D95-51F9-43EE-A49A-BC419B6924DF}.Release|x64.Build.0 = Release|Any CPU
		{E3283D95-51F9-43EE-A49A-BC419B6924DF}.Release|x86.ActiveCfg = Release|Any CPU
		{E3283D95-51F9-43EE-A49A-BC419B6924DF}.Release|x86.Build.0 = Release|Any CPU
		{DD36544C-2E7C-4388-B34F-FF705E141E4A}.Debug|Any CPU.ActiveCfg = Debug|x86
		{DD36544C-2E7C-4388-B34F-FF705E141E4A}.Debug|ARM.ActiveCfg = Debug|ARM
		{DD36544C-2E7C-4388-B34F-FF705E141E4A}.Debug|ARM.Build.0 = Debug|ARM
		{DD36544C-2E7C-4388-B34F-FF705E141E4A}.Debug|ARM.Deploy.0 = Debug|ARM
		{DD36544C-2E7C-4388-B34F-FF705E141E4A}.Debug|ARM64.ActiveCfg = Debug|ARM64
		{DD36544C-2E7C-4388-B34F-FF705E141E4A}.Debug|ARM64.Build.0 = Debug|ARM64
		{DD36544C-2E7C-4388-B34F-FF705E141E4A}.Debug|ARM64.Deploy.0 = Debug|ARM64
		{DD36544C-2E7C-4388-B34F-FF705E141E4A}.Debug|x64.ActiveCfg = Debug|x64
		{DD36544C-2E7C-4388-B34F-FF705E141E4A}.Debug|x64.Build.0 = Debug|x64
		{DD36544C-2E7C-4388-B34F-FF705E141E4A}.Debug|x64.Deploy.0 = Debug|x64
		{DD36544C-2E7C-4388-B34F-FF705E141E4A}.Debug|x86.ActiveCfg = Debug|x86
		{DD36544C-2E7C-4388-B34F-FF705E141E4A}.Debug|x86.Build.0 = Debug|x86
		{DD36544C-2E7C-4388-B34F-FF705E141E4A}.Debug|x86.Deploy.0 = Debug|x86
		{DD36544C-2E7C-4388-B34F-FF705E141E4A}.Release|Any CPU.ActiveCfg = Release|x86
		{DD36544C-2E7C-4388-B34F-FF705E141E4A}.Release|ARM.ActiveCfg = Release|ARM
		{DD36544C-2E7C-4388-B34F-FF705E141E4A}.Release|ARM.Build.0 = Release|ARM
		{DD36544C-2E7C-4388-B34F-FF705E141E4A}.Release|ARM.Deploy.0 = Release|ARM
		{DD36544C-2E7C-4388-B34F-FF705E141E4A}.Release|ARM64.ActiveCfg = Release|ARM64
		{DD36544C-2E7C-4388-B34F-FF705E141E4A}.Release|ARM64.Build.0 = Release|ARM64
		{DD36544C-2E7C-4388-B34F-FF705E141E4A}.Release|ARM64.Deploy.0 = Release|ARM64
		{DD36544C-2E7C-4388-B34F-FF705E141E4A}.Release|x64.ActiveCfg = Release|x64
		{DD36544C-2E7C-4388-B34F-FF705E141E4A}.Release|x64.Build.0 = Release|x64
		{DD36544C-2E7C-4388-B34F-FF705E141E4A}.Release|x64.Deploy.0 = Release|x64
		{DD36544C-2E7C-4388-B34F-FF705E141E4A}.Release|x86.ActiveCfg = Release|x86
		{DD36544C-2E7C-4388-B34F-FF705E141E4A}.Release|x86.Build.0 = Release|x86
		{DD36544C-2E7C-4388-B34F-FF705E141E4A}.Release|x86.Deploy.0 = Release|x86
		{FE56C09F-89F0-4AC5-8615-AFBB4C23F937}.Debug|Any CPU.ActiveCfg = Debug|Any CPU
		{FE56C09F-89F0-4AC5-8615-AFBB4C23F937}.Debug|Any CPU.Build.0 = Debug|Any CPU
		{FE56C09F-89F0-4AC5-8615-AFBB4C23F937}.Debug|ARM.ActiveCfg = Debug|Any CPU
		{FE56C09F-89F0-4AC5-8615-AFBB4C23F937}.Debug|ARM.Build.0 = Debug|Any CPU
		{FE56C09F-89F0-4AC5-8615-AFBB4C23F937}.Debug|ARM64.ActiveCfg = Debug|Any CPU
		{FE56C09F-89F0-4AC5-8615-AFBB4C23F937}.Debug|ARM64.Build.0 = Debug|Any CPU
		{FE56C09F-89F0-4AC5-8615-AFBB4C23F937}.Debug|x64.ActiveCfg = Debug|Any CPU
		{FE56C09F-89F0-4AC5-8615-AFBB4C23F937}.Debug|x64.Build.0 = Debug|Any CPU
		{FE56C09F-89F0-4AC5-8615-AFBB4C23F937}.Debug|x86.ActiveCfg = Debug|Any CPU
		{FE56C09F-89F0-4AC5-8615-AFBB4C23F937}.Debug|x86.Build.0 = Debug|Any CPU
		{FE56C09F-89F0-4AC5-8615-AFBB4C23F937}.Release|Any CPU.ActiveCfg = Release|Any CPU
		{FE56C09F-89F0-4AC5-8615-AFBB4C23F937}.Release|Any CPU.Build.0 = Release|Any CPU
		{FE56C09F-89F0-4AC5-8615-AFBB4C23F937}.Release|ARM.ActiveCfg = Release|Any CPU
		{FE56C09F-89F0-4AC5-8615-AFBB4C23F937}.Release|ARM.Build.0 = Release|Any CPU
		{FE56C09F-89F0-4AC5-8615-AFBB4C23F937}.Release|ARM64.ActiveCfg = Release|Any CPU
		{FE56C09F-89F0-4AC5-8615-AFBB4C23F937}.Release|ARM64.Build.0 = Release|Any CPU
		{FE56C09F-89F0-4AC5-8615-AFBB4C23F937}.Release|x64.ActiveCfg = Release|Any CPU
		{FE56C09F-89F0-4AC5-8615-AFBB4C23F937}.Release|x64.Build.0 = Release|Any CPU
		{FE56C09F-89F0-4AC5-8615-AFBB4C23F937}.Release|x86.ActiveCfg = Release|Any CPU
		{FE56C09F-89F0-4AC5-8615-AFBB4C23F937}.Release|x86.Build.0 = Release|Any CPU
		{9267A0CE-ECBC-41E4-AD83-927117FD625E}.Debug|Any CPU.ActiveCfg = Debug|Any CPU
		{9267A0CE-ECBC-41E4-AD83-927117FD625E}.Debug|Any CPU.Build.0 = Debug|Any CPU
		{9267A0CE-ECBC-41E4-AD83-927117FD625E}.Debug|ARM.ActiveCfg = Debug|Any CPU
		{9267A0CE-ECBC-41E4-AD83-927117FD625E}.Debug|ARM.Build.0 = Debug|Any CPU
		{9267A0CE-ECBC-41E4-AD83-927117FD625E}.Debug|ARM64.ActiveCfg = Debug|Any CPU
		{9267A0CE-ECBC-41E4-AD83-927117FD625E}.Debug|ARM64.Build.0 = Debug|Any CPU
		{9267A0CE-ECBC-41E4-AD83-927117FD625E}.Debug|x64.ActiveCfg = Debug|Any CPU
		{9267A0CE-ECBC-41E4-AD83-927117FD625E}.Debug|x64.Build.0 = Debug|Any CPU
		{9267A0CE-ECBC-41E4-AD83-927117FD625E}.Debug|x86.ActiveCfg = Debug|Any CPU
		{9267A0CE-ECBC-41E4-AD83-927117FD625E}.Debug|x86.Build.0 = Debug|Any CPU
		{9267A0CE-ECBC-41E4-AD83-927117FD625E}.Release|Any CPU.ActiveCfg = Release|Any CPU
		{9267A0CE-ECBC-41E4-AD83-927117FD625E}.Release|Any CPU.Build.0 = Release|Any CPU
		{9267A0CE-ECBC-41E4-AD83-927117FD625E}.Release|ARM.ActiveCfg = Release|Any CPU
		{9267A0CE-ECBC-41E4-AD83-927117FD625E}.Release|ARM.Build.0 = Release|Any CPU
		{9267A0CE-ECBC-41E4-AD83-927117FD625E}.Release|ARM64.ActiveCfg = Release|Any CPU
		{9267A0CE-ECBC-41E4-AD83-927117FD625E}.Release|ARM64.Build.0 = Release|Any CPU
		{9267A0CE-ECBC-41E4-AD83-927117FD625E}.Release|x64.ActiveCfg = Release|Any CPU
		{9267A0CE-ECBC-41E4-AD83-927117FD625E}.Release|x64.Build.0 = Release|Any CPU
		{9267A0CE-ECBC-41E4-AD83-927117FD625E}.Release|x86.ActiveCfg = Release|Any CPU
		{9267A0CE-ECBC-41E4-AD83-927117FD625E}.Release|x86.Build.0 = Release|Any CPU
		{551E62E3-51DA-4C1D-8DBB-7346A29EE817}.Debug|Any CPU.ActiveCfg = Debug|Any CPU
		{551E62E3-51DA-4C1D-8DBB-7346A29EE817}.Debug|Any CPU.Build.0 = Debug|Any CPU
		{551E62E3-51DA-4C1D-8DBB-7346A29EE817}.Debug|ARM.ActiveCfg = Debug|Any CPU
		{551E62E3-51DA-4C1D-8DBB-7346A29EE817}.Debug|ARM.Build.0 = Debug|Any CPU
		{551E62E3-51DA-4C1D-8DBB-7346A29EE817}.Debug|ARM64.ActiveCfg = Debug|Any CPU
		{551E62E3-51DA-4C1D-8DBB-7346A29EE817}.Debug|ARM64.Build.0 = Debug|Any CPU
		{551E62E3-51DA-4C1D-8DBB-7346A29EE817}.Debug|x64.ActiveCfg = Debug|Any CPU
		{551E62E3-51DA-4C1D-8DBB-7346A29EE817}.Debug|x64.Build.0 = Debug|Any CPU
		{551E62E3-51DA-4C1D-8DBB-7346A29EE817}.Debug|x86.ActiveCfg = Debug|Any CPU
		{551E62E3-51DA-4C1D-8DBB-7346A29EE817}.Debug|x86.Build.0 = Debug|Any CPU
		{551E62E3-51DA-4C1D-8DBB-7346A29EE817}.Release|Any CPU.ActiveCfg = Release|Any CPU
		{551E62E3-51DA-4C1D-8DBB-7346A29EE817}.Release|Any CPU.Build.0 = Release|Any CPU
		{551E62E3-51DA-4C1D-8DBB-7346A29EE817}.Release|ARM.ActiveCfg = Release|Any CPU
		{551E62E3-51DA-4C1D-8DBB-7346A29EE817}.Release|ARM.Build.0 = Release|Any CPU
		{551E62E3-51DA-4C1D-8DBB-7346A29EE817}.Release|ARM64.ActiveCfg = Release|Any CPU
		{551E62E3-51DA-4C1D-8DBB-7346A29EE817}.Release|ARM64.Build.0 = Release|Any CPU
		{551E62E3-51DA-4C1D-8DBB-7346A29EE817}.Release|x64.ActiveCfg = Release|Any CPU
		{551E62E3-51DA-4C1D-8DBB-7346A29EE817}.Release|x64.Build.0 = Release|Any CPU
		{551E62E3-51DA-4C1D-8DBB-7346A29EE817}.Release|x86.ActiveCfg = Release|Any CPU
		{551E62E3-51DA-4C1D-8DBB-7346A29EE817}.Release|x86.Build.0 = Release|Any CPU
	EndGlobalSection
	GlobalSection(SolutionProperties) = preSolution
		HideSolutionNode = FALSE
	EndGlobalSection
	GlobalSection(ExtensibilityGlobals) = postSolution
		SolutionGuid = {CD7ADD62-E3BD-453A-B653-BC70DB9FF817}
	EndGlobalSection
EndGlobal
