
Microsoft Visual Studio Solution File, Format Version 12.00
# Visual Studio 15
VisualStudioVersion = 15.0.28010.2048
MinimumVisualStudioVersion = 10.0.40219.1
Project("{9A19103F-16F7-4668-BE54-9A1E7A4F7556}") = "IoTSharp.Hub", "IoTSharp.Hub\IoTSharp.Hub.csproj", "{260081B3-E2EA-4BA0-8322-E3894907585E}"
EndProject
Project("{2150E333-8FDC-42A3-9474-1A3956D46DE8}") = "Solution Items", "Solution Items", "{D5C97089-F896-436D-8E99-27B2E43BC65F}"
	ProjectSection(SolutionItems) = preProject
		GitVersion.yml = GitVersion.yml
		LICENSE = LICENSE
		README.md = README.md
	EndProjectSection
EndProject
Global
	GlobalSection(SolutionConfigurationPlatforms) = preSolution
		Debug|Any CPU = Debug|Any CPU
		Release|Any CPU = Release|Any CPU
	EndGlobalSection
	GlobalSection(ProjectConfigurationPlatforms) = postSolution
		{260081B3-E2EA-4BA0-8322-E3894907585E}.Debug|Any CPU.ActiveCfg = Debug|Any CPU
		{260081B3-E2EA-4BA0-8322-E3894907585E}.Debug|Any CPU.Build.0 = Debug|Any CPU
		{260081B3-E2EA-4BA0-8322-E3894907585E}.Release|Any CPU.ActiveCfg = Release|Any CPU
		{260081B3-E2EA-4BA0-8322-E3894907585E}.Release|Any CPU.Build.0 = Release|Any CPU
	EndGlobalSection
	GlobalSection(SolutionProperties) = preSolution
		HideSolutionNode = FALSE
	EndGlobalSection
	GlobalSection(ExtensibilityGlobals) = postSolution
		SolutionGuid = {CD7ADD62-E3BD-453A-B653-BC70DB9FF817}
	EndGlobalSection
EndGlobal
