
Microsoft Visual Studio Solution File, Format Version 12.00
# Visual Studio Version 16
VisualStudioVersion = 16.0.28803.156
MinimumVisualStudioVersion = 10.0.40219.1
Project("{2150E333-8FDC-42A3-9474-1A3956D46DE8}") = "Solution Items", "Solution Items", "{D5C97089-F896-436D-8E99-27B2E43BC65F}"
	ProjectSection(SolutionItems) = preProject
		.editorconfig = .editorconfig
		appveyor.yml = appveyor.yml
		buildimage.cmd = buildimage.cmd
		LICENSE = LICENSE
		package.json = package.json
		README.md = README.md
		roadmap.md = roadmap.md
	EndProjectSection
EndProject
Project("{9A19103F-16F7-4668-BE54-9A1E7A4F7556}") = "IoTSharp.Test", "IoTSharp.Test\IoTSharp.Test.csproj", "{70DFF66F-6791-4713-81F3-DD7A64B59185}"
EndProject
Project("{9A19103F-16F7-4668-BE54-9A1E7A4F7556}") = "IoTSharp", "IoTSharp\IoTSharp.csproj", "{CCD2C255-72D2-4A25-B0E9-E30FBEF774C7}"
EndProject
Project("{E53339B2-1760-4266-BCC7-CA923CBCF16C}") = "docker-compose", "docker-compose.dcproj", "{91C3C01F-68D2-4D9C-8932-B91B264EFBE6}"
EndProject
Project("{9A19103F-16F7-4668-BE54-9A1E7A4F7556}") = "IoTSharp.ClientApp", "IoTSharp.ClientApp\IoTSharp.ClientApp.csproj", "{A26274CE-4C99-4893-BFB6-86931530203B}"
EndProject
Project("{2150E333-8FDC-42A3-9474-1A3956D46DE8}") = "Deployments", "Deployments", "{0CB68A19-49C6-49CE-9104-2A9622FD1D6B}"
EndProject
Project("{E53339B2-1760-4266-BCC7-CA923CBCF16C}") = "rabbit_mongo_influx", "Deployments\rabbit_mongo_influx\rabbit_mongo_influx.dcproj", "{BB96B645-C082-4259-8BEC-DCEE437D944E}"
EndProject
Project("{E53339B2-1760-4266-BCC7-CA923CBCF16C}") = "zeromq_sharding", "Deployments\zeromq_sharding\zeromq_sharding.dcproj", "{F917604E-0785-4934-AE94-4125DC06C011}"
EndProject
Project("{E53339B2-1760-4266-BCC7-CA923CBCF16C}") = "zeromq_taos", "Deployments\zeromq_taos\zeromq_taos.dcproj", "{0BC5F27A-951D-45B7-BD3A-57AB6652B1F6}"
EndProject
Project("{2150E333-8FDC-42A3-9474-1A3956D46DE8}") = "Tools", "Tools", "{3048484A-6A46-4E17-825C-D2C59D6D30ED}"
	ProjectSection(SolutionItems) = preProject
		tools\ef_mg_add.cmd = tools\ef_mg_add.cmd
		tools\upgrade_ef.cmd = tools\upgrade_ef.cmd
	EndProjectSection
EndProject
Global
	GlobalSection(SolutionConfigurationPlatforms) = preSolution
		Debug|Any CPU = Debug|Any CPU
		Debug|ARM = Debug|ARM
		Debug|ARM64 = Debug|ARM64
		Debug|x64 = Debug|x64
		Debug|x86 = Debug|x86
		Release|Any CPU = Release|Any CPU
		Release|ARM = Release|ARM
		Release|ARM64 = Release|ARM64
		Release|x64 = Release|x64
		Release|x86 = Release|x86
	EndGlobalSection
	GlobalSection(ProjectConfigurationPlatforms) = postSolution
		{70DFF66F-6791-4713-81F3-DD7A64B59185}.Debug|Any CPU.ActiveCfg = Debug|Any CPU
		{70DFF66F-6791-4713-81F3-DD7A64B59185}.Debug|Any CPU.Build.0 = Debug|Any CPU
		{70DFF66F-6791-4713-81F3-DD7A64B59185}.Debug|ARM.ActiveCfg = Debug|Any CPU
		{70DFF66F-6791-4713-81F3-DD7A64B59185}.Debug|ARM.Build.0 = Debug|Any CPU
		{70DFF66F-6791-4713-81F3-DD7A64B59185}.Debug|ARM64.ActiveCfg = Debug|Any CPU
		{70DFF66F-6791-4713-81F3-DD7A64B59185}.Debug|ARM64.Build.0 = Debug|Any CPU
		{70DFF66F-6791-4713-81F3-DD7A64B59185}.Debug|x64.ActiveCfg = Debug|Any CPU
		{70DFF66F-6791-4713-81F3-DD7A64B59185}.Debug|x64.Build.0 = Debug|Any CPU
		{70DFF66F-6791-4713-81F3-DD7A64B59185}.Debug|x86.ActiveCfg = Debug|Any CPU
		{70DFF66F-6791-4713-81F3-DD7A64B59185}.Debug|x86.Build.0 = Debug|Any CPU
		{70DFF66F-6791-4713-81F3-DD7A64B59185}.Release|Any CPU.ActiveCfg = Release|Any CPU
		{70DFF66F-6791-4713-81F3-DD7A64B59185}.Release|Any CPU.Build.0 = Release|Any CPU
		{70DFF66F-6791-4713-81F3-DD7A64B59185}.Release|ARM.ActiveCfg = Release|Any CPU
		{70DFF66F-6791-4713-81F3-DD7A64B59185}.Release|ARM.Build.0 = Release|Any CPU
		{70DFF66F-6791-4713-81F3-DD7A64B59185}.Release|ARM64.ActiveCfg = Release|Any CPU
		{70DFF66F-6791-4713-81F3-DD7A64B59185}.Release|ARM64.Build.0 = Release|Any CPU
		{70DFF66F-6791-4713-81F3-DD7A64B59185}.Release|x64.ActiveCfg = Release|Any CPU
		{70DFF66F-6791-4713-81F3-DD7A64B59185}.Release|x64.Build.0 = Release|Any CPU
		{70DFF66F-6791-4713-81F3-DD7A64B59185}.Release|x86.ActiveCfg = Release|Any CPU
		{70DFF66F-6791-4713-81F3-DD7A64B59185}.Release|x86.Build.0 = Release|Any CPU
		{CCD2C255-72D2-4A25-B0E9-E30FBEF774C7}.Debug|Any CPU.ActiveCfg = Debug|Any CPU
		{CCD2C255-72D2-4A25-B0E9-E30FBEF774C7}.Debug|Any CPU.Build.0 = Debug|Any CPU
		{CCD2C255-72D2-4A25-B0E9-E30FBEF774C7}.Debug|ARM.ActiveCfg = Debug|Any CPU
		{CCD2C255-72D2-4A25-B0E9-E30FBEF774C7}.Debug|ARM.Build.0 = Debug|Any CPU
		{CCD2C255-72D2-4A25-B0E9-E30FBEF774C7}.Debug|ARM64.ActiveCfg = Debug|Any CPU
		{CCD2C255-72D2-4A25-B0E9-E30FBEF774C7}.Debug|ARM64.Build.0 = Debug|Any CPU
		{CCD2C255-72D2-4A25-B0E9-E30FBEF774C7}.Debug|x64.ActiveCfg = Debug|Any CPU
		{CCD2C255-72D2-4A25-B0E9-E30FBEF774C7}.Debug|x64.Build.0 = Debug|Any CPU
		{CCD2C255-72D2-4A25-B0E9-E30FBEF774C7}.Debug|x86.ActiveCfg = Debug|Any CPU
		{CCD2C255-72D2-4A25-B0E9-E30FBEF774C7}.Debug|x86.Build.0 = Debug|Any CPU
		{CCD2C255-72D2-4A25-B0E9-E30FBEF774C7}.Release|Any CPU.ActiveCfg = Release|Any CPU
		{CCD2C255-72D2-4A25-B0E9-E30FBEF774C7}.Release|Any CPU.Build.0 = Release|Any CPU
		{CCD2C255-72D2-4A25-B0E9-E30FBEF774C7}.Release|ARM.ActiveCfg = Release|Any CPU
		{CCD2C255-72D2-4A25-B0E9-E30FBEF774C7}.Release|ARM.Build.0 = Release|Any CPU
		{CCD2C255-72D2-4A25-B0E9-E30FBEF774C7}.Release|ARM64.ActiveCfg = Release|Any CPU
		{CCD2C255-72D2-4A25-B0E9-E30FBEF774C7}.Release|ARM64.Build.0 = Release|Any CPU
		{CCD2C255-72D2-4A25-B0E9-E30FBEF774C7}.Release|x64.ActiveCfg = Release|Any CPU
		{CCD2C255-72D2-4A25-B0E9-E30FBEF774C7}.Release|x64.Build.0 = Release|Any CPU
		{CCD2C255-72D2-4A25-B0E9-E30FBEF774C7}.Release|x86.ActiveCfg = Release|Any CPU
		{CCD2C255-72D2-4A25-B0E9-E30FBEF774C7}.Release|x86.Build.0 = Release|Any CPU
		{91C3C01F-68D2-4D9C-8932-B91B264EFBE6}.Debug|Any CPU.ActiveCfg = Debug|Any CPU
		{91C3C01F-68D2-4D9C-8932-B91B264EFBE6}.Debug|Any CPU.Build.0 = Debug|Any CPU
		{91C3C01F-68D2-4D9C-8932-B91B264EFBE6}.Debug|ARM.ActiveCfg = Debug|Any CPU
		{91C3C01F-68D2-4D9C-8932-B91B264EFBE6}.Debug|ARM.Build.0 = Debug|Any CPU
		{91C3C01F-68D2-4D9C-8932-B91B264EFBE6}.Debug|ARM64.ActiveCfg = Debug|Any CPU
		{91C3C01F-68D2-4D9C-8932-B91B264EFBE6}.Debug|ARM64.Build.0 = Debug|Any CPU
		{91C3C01F-68D2-4D9C-8932-B91B264EFBE6}.Debug|x64.ActiveCfg = Debug|Any CPU
		{91C3C01F-68D2-4D9C-8932-B91B264EFBE6}.Debug|x64.Build.0 = Debug|Any CPU
		{91C3C01F-68D2-4D9C-8932-B91B264EFBE6}.Debug|x86.ActiveCfg = Debug|Any CPU
		{91C3C01F-68D2-4D9C-8932-B91B264EFBE6}.Debug|x86.Build.0 = Debug|Any CPU
		{91C3C01F-68D2-4D9C-8932-B91B264EFBE6}.Release|Any CPU.ActiveCfg = Release|Any CPU
		{91C3C01F-68D2-4D9C-8932-B91B264EFBE6}.Release|Any CPU.Build.0 = Release|Any CPU
		{91C3C01F-68D2-4D9C-8932-B91B264EFBE6}.Release|ARM.ActiveCfg = Release|Any CPU
		{91C3C01F-68D2-4D9C-8932-B91B264EFBE6}.Release|ARM.Build.0 = Release|Any CPU
		{91C3C01F-68D2-4D9C-8932-B91B264EFBE6}.Release|ARM64.ActiveCfg = Release|Any CPU
		{91C3C01F-68D2-4D9C-8932-B91B264EFBE6}.Release|ARM64.Build.0 = Release|Any CPU
		{91C3C01F-68D2-4D9C-8932-B91B264EFBE6}.Release|x64.ActiveCfg = Release|Any CPU
		{91C3C01F-68D2-4D9C-8932-B91B264EFBE6}.Release|x64.Build.0 = Release|Any CPU
		{91C3C01F-68D2-4D9C-8932-B91B264EFBE6}.Release|x86.ActiveCfg = Release|Any CPU
		{91C3C01F-68D2-4D9C-8932-B91B264EFBE6}.Release|x86.Build.0 = Release|Any CPU
		{A26274CE-4C99-4893-BFB6-86931530203B}.Debug|Any CPU.ActiveCfg = Debug|Any CPU
		{A26274CE-4C99-4893-BFB6-86931530203B}.Debug|Any CPU.Build.0 = Debug|Any CPU
		{A26274CE-4C99-4893-BFB6-86931530203B}.Debug|ARM.ActiveCfg = Debug|Any CPU
		{A26274CE-4C99-4893-BFB6-86931530203B}.Debug|ARM.Build.0 = Debug|Any CPU
		{A26274CE-4C99-4893-BFB6-86931530203B}.Debug|ARM64.ActiveCfg = Debug|Any CPU
		{A26274CE-4C99-4893-BFB6-86931530203B}.Debug|ARM64.Build.0 = Debug|Any CPU
		{A26274CE-4C99-4893-BFB6-86931530203B}.Debug|x64.ActiveCfg = Debug|Any CPU
		{A26274CE-4C99-4893-BFB6-86931530203B}.Debug|x64.Build.0 = Debug|Any CPU
		{A26274CE-4C99-4893-BFB6-86931530203B}.Debug|x86.ActiveCfg = Debug|Any CPU
		{A26274CE-4C99-4893-BFB6-86931530203B}.Debug|x86.Build.0 = Debug|Any CPU
		{A26274CE-4C99-4893-BFB6-86931530203B}.Release|Any CPU.ActiveCfg = Release|Any CPU
		{A26274CE-4C99-4893-BFB6-86931530203B}.Release|Any CPU.Build.0 = Release|Any CPU
		{A26274CE-4C99-4893-BFB6-86931530203B}.Release|ARM.ActiveCfg = Release|Any CPU
		{A26274CE-4C99-4893-BFB6-86931530203B}.Release|ARM.Build.0 = Release|Any CPU
		{A26274CE-4C99-4893-BFB6-86931530203B}.Release|ARM64.ActiveCfg = Release|Any CPU
		{A26274CE-4C99-4893-BFB6-86931530203B}.Release|ARM64.Build.0 = Release|Any CPU
		{A26274CE-4C99-4893-BFB6-86931530203B}.Release|x64.ActiveCfg = Release|Any CPU
		{A26274CE-4C99-4893-BFB6-86931530203B}.Release|x64.Build.0 = Release|Any CPU
		{A26274CE-4C99-4893-BFB6-86931530203B}.Release|x86.ActiveCfg = Release|Any CPU
		{A26274CE-4C99-4893-BFB6-86931530203B}.Release|x86.Build.0 = Release|Any CPU
		{BB96B645-C082-4259-8BEC-DCEE437D944E}.Debug|Any CPU.ActiveCfg = Debug|Any CPU
		{BB96B645-C082-4259-8BEC-DCEE437D944E}.Debug|Any CPU.Build.0 = Debug|Any CPU
		{BB96B645-C082-4259-8BEC-DCEE437D944E}.Debug|ARM.ActiveCfg = Debug|Any CPU
		{BB96B645-C082-4259-8BEC-DCEE437D944E}.Debug|ARM.Build.0 = Debug|Any CPU
		{BB96B645-C082-4259-8BEC-DCEE437D944E}.Debug|ARM64.ActiveCfg = Debug|Any CPU
		{BB96B645-C082-4259-8BEC-DCEE437D944E}.Debug|ARM64.Build.0 = Debug|Any CPU
		{BB96B645-C082-4259-8BEC-DCEE437D944E}.Debug|x64.ActiveCfg = Debug|Any CPU
		{BB96B645-C082-4259-8BEC-DCEE437D944E}.Debug|x64.Build.0 = Debug|Any CPU
		{BB96B645-C082-4259-8BEC-DCEE437D944E}.Debug|x86.ActiveCfg = Debug|Any CPU
		{BB96B645-C082-4259-8BEC-DCEE437D944E}.Debug|x86.Build.0 = Debug|Any CPU
		{BB96B645-C082-4259-8BEC-DCEE437D944E}.Release|Any CPU.ActiveCfg = Release|Any CPU
		{BB96B645-C082-4259-8BEC-DCEE437D944E}.Release|Any CPU.Build.0 = Release|Any CPU
		{BB96B645-C082-4259-8BEC-DCEE437D944E}.Release|ARM.ActiveCfg = Release|Any CPU
		{BB96B645-C082-4259-8BEC-DCEE437D944E}.Release|ARM.Build.0 = Release|Any CPU
		{BB96B645-C082-4259-8BEC-DCEE437D944E}.Release|ARM64.ActiveCfg = Release|Any CPU
		{BB96B645-C082-4259-8BEC-DCEE437D944E}.Release|ARM64.Build.0 = Release|Any CPU
		{BB96B645-C082-4259-8BEC-DCEE437D944E}.Release|x64.ActiveCfg = Release|Any CPU
		{BB96B645-C082-4259-8BEC-DCEE437D944E}.Release|x64.Build.0 = Release|Any CPU
		{BB96B645-C082-4259-8BEC-DCEE437D944E}.Release|x86.ActiveCfg = Release|Any CPU
		{BB96B645-C082-4259-8BEC-DCEE437D944E}.Release|x86.Build.0 = Release|Any CPU
		{F917604E-0785-4934-AE94-4125DC06C011}.Debug|Any CPU.ActiveCfg = Debug|Any CPU
		{F917604E-0785-4934-AE94-4125DC06C011}.Debug|Any CPU.Build.0 = Debug|Any CPU
		{F917604E-0785-4934-AE94-4125DC06C011}.Debug|ARM.ActiveCfg = Debug|Any CPU
		{F917604E-0785-4934-AE94-4125DC06C011}.Debug|ARM.Build.0 = Debug|Any CPU
		{F917604E-0785-4934-AE94-4125DC06C011}.Debug|ARM64.ActiveCfg = Debug|Any CPU
		{F917604E-0785-4934-AE94-4125DC06C011}.Debug|ARM64.Build.0 = Debug|Any CPU
		{F917604E-0785-4934-AE94-4125DC06C011}.Debug|x64.ActiveCfg = Debug|Any CPU
		{F917604E-0785-4934-AE94-4125DC06C011}.Debug|x64.Build.0 = Debug|Any CPU
		{F917604E-0785-4934-AE94-4125DC06C011}.Debug|x86.ActiveCfg = Debug|Any CPU
		{F917604E-0785-4934-AE94-4125DC06C011}.Debug|x86.Build.0 = Debug|Any CPU
		{F917604E-0785-4934-AE94-4125DC06C011}.Release|Any CPU.ActiveCfg = Release|Any CPU
		{F917604E-0785-4934-AE94-4125DC06C011}.Release|Any CPU.Build.0 = Release|Any CPU
		{F917604E-0785-4934-AE94-4125DC06C011}.Release|ARM.ActiveCfg = Release|Any CPU
		{F917604E-0785-4934-AE94-4125DC06C011}.Release|ARM.Build.0 = Release|Any CPU
		{F917604E-0785-4934-AE94-4125DC06C011}.Release|ARM64.ActiveCfg = Release|Any CPU
		{F917604E-0785-4934-AE94-4125DC06C011}.Release|ARM64.Build.0 = Release|Any CPU
		{F917604E-0785-4934-AE94-4125DC06C011}.Release|x64.ActiveCfg = Release|Any CPU
		{F917604E-0785-4934-AE94-4125DC06C011}.Release|x64.Build.0 = Release|Any CPU
		{F917604E-0785-4934-AE94-4125DC06C011}.Release|x86.ActiveCfg = Release|Any CPU
		{F917604E-0785-4934-AE94-4125DC06C011}.Release|x86.Build.0 = Release|Any CPU
		{0BC5F27A-951D-45B7-BD3A-57AB6652B1F6}.Debug|Any CPU.ActiveCfg = Debug|Any CPU
		{0BC5F27A-951D-45B7-BD3A-57AB6652B1F6}.Debug|Any CPU.Build.0 = Debug|Any CPU
		{0BC5F27A-951D-45B7-BD3A-57AB6652B1F6}.Debug|ARM.ActiveCfg = Debug|Any CPU
		{0BC5F27A-951D-45B7-BD3A-57AB6652B1F6}.Debug|ARM.Build.0 = Debug|Any CPU
		{0BC5F27A-951D-45B7-BD3A-57AB6652B1F6}.Debug|ARM64.ActiveCfg = Debug|Any CPU
		{0BC5F27A-951D-45B7-BD3A-57AB6652B1F6}.Debug|ARM64.Build.0 = Debug|Any CPU
		{0BC5F27A-951D-45B7-BD3A-57AB6652B1F6}.Debug|x64.ActiveCfg = Debug|Any CPU
		{0BC5F27A-951D-45B7-BD3A-57AB6652B1F6}.Debug|x64.Build.0 = Debug|Any CPU
		{0BC5F27A-951D-45B7-BD3A-57AB6652B1F6}.Debug|x86.ActiveCfg = Debug|Any CPU
		{0BC5F27A-951D-45B7-BD3A-57AB6652B1F6}.Debug|x86.Build.0 = Debug|Any CPU
		{0BC5F27A-951D-45B7-BD3A-57AB6652B1F6}.Release|Any CPU.ActiveCfg = Release|Any CPU
		{0BC5F27A-951D-45B7-BD3A-57AB6652B1F6}.Release|Any CPU.Build.0 = Release|Any CPU
		{0BC5F27A-951D-45B7-BD3A-57AB6652B1F6}.Release|ARM.ActiveCfg = Release|Any CPU
		{0BC5F27A-951D-45B7-BD3A-57AB6652B1F6}.Release|ARM.Build.0 = Release|Any CPU
		{0BC5F27A-951D-45B7-BD3A-57AB6652B1F6}.Release|ARM64.ActiveCfg = Release|Any CPU
		{0BC5F27A-951D-45B7-BD3A-57AB6652B1F6}.Release|ARM64.Build.0 = Release|Any CPU
		{0BC5F27A-951D-45B7-BD3A-57AB6652B1F6}.Release|x64.ActiveCfg = Release|Any CPU
		{0BC5F27A-951D-45B7-BD3A-57AB6652B1F6}.Release|x64.Build.0 = Release|Any CPU
		{0BC5F27A-951D-45B7-BD3A-57AB6652B1F6}.Release|x86.ActiveCfg = Release|Any CPU
		{0BC5F27A-951D-45B7-BD3A-57AB6652B1F6}.Release|x86.Build.0 = Release|Any CPU
	EndGlobalSection
	GlobalSection(SolutionProperties) = preSolution
		HideSolutionNode = FALSE
	EndGlobalSection
	GlobalSection(NestedProjects) = preSolution
		{BB96B645-C082-4259-8BEC-DCEE437D944E} = {0CB68A19-49C6-49CE-9104-2A9622FD1D6B}
		{F917604E-0785-4934-AE94-4125DC06C011} = {0CB68A19-49C6-49CE-9104-2A9622FD1D6B}
		{0BC5F27A-951D-45B7-BD3A-57AB6652B1F6} = {0CB68A19-49C6-49CE-9104-2A9622FD1D6B}
	EndGlobalSection
	GlobalSection(ExtensibilityGlobals) = postSolution
		SolutionGuid = {CD7ADD62-E3BD-453A-B653-BC70DB9FF817}
	EndGlobalSection
EndGlobal
