
Microsoft Visual Studio Solution File, Format Version 12.00
# Visual Studio Version 16
VisualStudioVersion = 16.0.28803.156
MinimumVisualStudioVersion = 10.0.40219.1
Project("{2150E333-8FDC-42A3-9474-1A3956D46DE8}") = "Solution Items", "Solution Items", "{D5C97089-F896-436D-8E99-27B2E43BC65F}"
	ProjectSection(SolutionItems) = preProject
		appveyor.yml = appveyor.yml
		buildimage.cmd = buildimage.cmd
		LICENSE = LICENSE
		README.md = README.md
		roadmap.md = roadmap.md
	EndProjectSection
EndProject
Project("{9A19103F-16F7-4668-BE54-9A1E7A4F7556}") = "IoTSharp.Test", "IoTSharp.Test\IoTSharp.Test.csproj", "{70DFF66F-6791-4713-81F3-DD7A64B59185}"
EndProject
Project("{9A19103F-16F7-4668-BE54-9A1E7A4F7556}") = "IoTSharp", "IoTSharp\IoTSharp.csproj", "{CCD2C255-72D2-4A25-B0E9-E30FBEF774C7}"
EndProject
Project("{E53339B2-1760-4266-BCC7-CA923CBCF16C}") = "docker-compose", "docker-compose.dcproj", "{91C3C01F-68D2-4D9C-8932-B91B264EFBE6}"
EndProject
Project("{9A19103F-16F7-4668-BE54-9A1E7A4F7556}") = "IoTSharp.App.View", "IoTSharp.Desktop\IoTSharp.App.View\IoTSharp.App.View.csproj", "{C9C3B3D7-182C-45DB-A04C-07FE4027F515}"
EndProject
Project("{2150E333-8FDC-42A3-9474-1A3956D46DE8}") = "IoTSharp.Desktop", "IoTSharp.Desktop", "{FBF1A3CC-14E2-4E4E-85B2-0B21FE2571CC}"
EndProject
Project("{9A19103F-16F7-4668-BE54-9A1E7A4F7556}") = "IoTSharp.Browser.Host", "IoTSharp.Desktop\IoTSharp.Browser.Host\IoTSharp.Browser.Host.csproj", "{1712502B-8DDE-427A-A070-0CA307F96AAE}"
EndProject
Project("{9A19103F-16F7-4668-BE54-9A1E7A4F7556}") = "IoTSharp.Native.Host", "IoTSharp.Desktop\IoTSharp.Native.Host\IoTSharp.Native.Host.csproj", "{CC72522E-2EB3-43EE-8B7E-53E669232D03}"
EndProject
Project("{9A19103F-16F7-4668-BE54-9A1E7A4F7556}") = "IoTSharp.Server.Host", "IoTSharp.Desktop\IoTSharp.Server.Host\IoTSharp.Server.Host.csproj", "{22350E43-E631-4538-A594-245E5E866607}"
EndProject
Project("{FAE04EC0-301F-11D3-BF4B-00C04F79EFBC}") = "BlazorApp1.Server", "..\BlazorApp1\Server\BlazorApp1.Server.csproj", "{51A96F83-8B97-411F-92DE-47425D8CC4DC}"
EndProject
Project("{FAE04EC0-301F-11D3-BF4B-00C04F79EFBC}") = "BlazorApp1.Client", "..\BlazorApp1\Client\BlazorApp1.Client.csproj", "{558FDD10-D095-4312-91CD-04D994230226}"
EndProject
Project("{FAE04EC0-301F-11D3-BF4B-00C04F79EFBC}") = "BlazorApp1.Shared", "..\BlazorApp1\Shared\BlazorApp1.Shared.csproj", "{4F8DAACA-E643-401A-9753-B22F4E4062BB}"
EndProject
Global
	GlobalSection(SolutionConfigurationPlatforms) = preSolution
		Debug|Any CPU = Debug|Any CPU
		Debug|ARM = Debug|ARM
		Debug|ARM64 = Debug|ARM64
		Debug|x64 = Debug|x64
		Debug|x86 = Debug|x86
		Release|Any CPU = Release|Any CPU
		Release|ARM = Release|ARM
		Release|ARM64 = Release|ARM64
		Release|x64 = Release|x64
		Release|x86 = Release|x86
	EndGlobalSection
	GlobalSection(ProjectConfigurationPlatforms) = postSolution
		{70DFF66F-6791-4713-81F3-DD7A64B59185}.Debug|Any CPU.ActiveCfg = Debug|Any CPU
		{70DFF66F-6791-4713-81F3-DD7A64B59185}.Debug|Any CPU.Build.0 = Debug|Any CPU
		{70DFF66F-6791-4713-81F3-DD7A64B59185}.Debug|ARM.ActiveCfg = Debug|Any CPU
		{70DFF66F-6791-4713-81F3-DD7A64B59185}.Debug|ARM.Build.0 = Debug|Any CPU
		{70DFF66F-6791-4713-81F3-DD7A64B59185}.Debug|ARM64.ActiveCfg = Debug|Any CPU
		{70DFF66F-6791-4713-81F3-DD7A64B59185}.Debug|ARM64.Build.0 = Debug|Any CPU
		{70DFF66F-6791-4713-81F3-DD7A64B59185}.Debug|x64.ActiveCfg = Debug|Any CPU
		{70DFF66F-6791-4713-81F3-DD7A64B59185}.Debug|x64.Build.0 = Debug|Any CPU
		{70DFF66F-6791-4713-81F3-DD7A64B59185}.Debug|x86.ActiveCfg = Debug|Any CPU
		{70DFF66F-6791-4713-81F3-DD7A64B59185}.Debug|x86.Build.0 = Debug|Any CPU
		{70DFF66F-6791-4713-81F3-DD7A64B59185}.Release|Any CPU.ActiveCfg = Release|Any CPU
		{70DFF66F-6791-4713-81F3-DD7A64B59185}.Release|Any CPU.Build.0 = Release|Any CPU
		{70DFF66F-6791-4713-81F3-DD7A64B59185}.Release|ARM.ActiveCfg = Release|Any CPU
		{70DFF66F-6791-4713-81F3-DD7A64B59185}.Release|ARM.Build.0 = Release|Any CPU
		{70DFF66F-6791-4713-81F3-DD7A64B59185}.Release|ARM64.ActiveCfg = Release|Any CPU
		{70DFF66F-6791-4713-81F3-DD7A64B59185}.Release|ARM64.Build.0 = Release|Any CPU
		{70DFF66F-6791-4713-81F3-DD7A64B59185}.Release|x64.ActiveCfg = Release|Any CPU
		{70DFF66F-6791-4713-81F3-DD7A64B59185}.Release|x64.Build.0 = Release|Any CPU
		{70DFF66F-6791-4713-81F3-DD7A64B59185}.Release|x86.ActiveCfg = Release|Any CPU
		{70DFF66F-6791-4713-81F3-DD7A64B59185}.Release|x86.Build.0 = Release|Any CPU
		{CCD2C255-72D2-4A25-B0E9-E30FBEF774C7}.Debug|Any CPU.ActiveCfg = Debug|Any CPU
		{CCD2C255-72D2-4A25-B0E9-E30FBEF774C7}.Debug|Any CPU.Build.0 = Debug|Any CPU
		{CCD2C255-72D2-4A25-B0E9-E30FBEF774C7}.Debug|ARM.ActiveCfg = Debug|Any CPU
		{CCD2C255-72D2-4A25-B0E9-E30FBEF774C7}.Debug|ARM.Build.0 = Debug|Any CPU
		{CCD2C255-72D2-4A25-B0E9-E30FBEF774C7}.Debug|ARM64.ActiveCfg = Debug|Any CPU
		{CCD2C255-72D2-4A25-B0E9-E30FBEF774C7}.Debug|ARM64.Build.0 = Debug|Any CPU
		{CCD2C255-72D2-4A25-B0E9-E30FBEF774C7}.Debug|x64.ActiveCfg = Debug|Any CPU
		{CCD2C255-72D2-4A25-B0E9-E30FBEF774C7}.Debug|x64.Build.0 = Debug|Any CPU
		{CCD2C255-72D2-4A25-B0E9-E30FBEF774C7}.Debug|x86.ActiveCfg = Debug|Any CPU
		{CCD2C255-72D2-4A25-B0E9-E30FBEF774C7}.Debug|x86.Build.0 = Debug|Any CPU
		{CCD2C255-72D2-4A25-B0E9-E30FBEF774C7}.Release|Any CPU.ActiveCfg = Release|Any CPU
		{CCD2C255-72D2-4A25-B0E9-E30FBEF774C7}.Release|Any CPU.Build.0 = Release|Any CPU
		{CCD2C255-72D2-4A25-B0E9-E30FBEF774C7}.Release|ARM.ActiveCfg = Release|Any CPU
		{CCD2C255-72D2-4A25-B0E9-E30FBEF774C7}.Release|ARM.Build.0 = Release|Any CPU
		{CCD2C255-72D2-4A25-B0E9-E30FBEF774C7}.Release|ARM64.ActiveCfg = Release|Any CPU
		{CCD2C255-72D2-4A25-B0E9-E30FBEF774C7}.Release|ARM64.Build.0 = Release|Any CPU
		{CCD2C255-72D2-4A25-B0E9-E30FBEF774C7}.Release|x64.ActiveCfg = Release|Any CPU
		{CCD2C255-72D2-4A25-B0E9-E30FBEF774C7}.Release|x64.Build.0 = Release|Any CPU
		{CCD2C255-72D2-4A25-B0E9-E30FBEF774C7}.Release|x86.ActiveCfg = Release|Any CPU
		{CCD2C255-72D2-4A25-B0E9-E30FBEF774C7}.Release|x86.Build.0 = Release|Any CPU
		{91C3C01F-68D2-4D9C-8932-B91B264EFBE6}.Debug|Any CPU.ActiveCfg = Debug|Any CPU
		{91C3C01F-68D2-4D9C-8932-B91B264EFBE6}.Debug|Any CPU.Build.0 = Debug|Any CPU
		{91C3C01F-68D2-4D9C-8932-B91B264EFBE6}.Debug|ARM.ActiveCfg = Debug|Any CPU
		{91C3C01F-68D2-4D9C-8932-B91B264EFBE6}.Debug|ARM.Build.0 = Debug|Any CPU
		{91C3C01F-68D2-4D9C-8932-B91B264EFBE6}.Debug|ARM64.ActiveCfg = Debug|Any CPU
		{91C3C01F-68D2-4D9C-8932-B91B264EFBE6}.Debug|ARM64.Build.0 = Debug|Any CPU
		{91C3C01F-68D2-4D9C-8932-B91B264EFBE6}.Debug|x64.ActiveCfg = Debug|Any CPU
		{91C3C01F-68D2-4D9C-8932-B91B264EFBE6}.Debug|x64.Build.0 = Debug|Any CPU
		{91C3C01F-68D2-4D9C-8932-B91B264EFBE6}.Debug|x86.ActiveCfg = Debug|Any CPU
		{91C3C01F-68D2-4D9C-8932-B91B264EFBE6}.Debug|x86.Build.0 = Debug|Any CPU
		{91C3C01F-68D2-4D9C-8932-B91B264EFBE6}.Release|Any CPU.ActiveCfg = Release|Any CPU
		{91C3C01F-68D2-4D9C-8932-B91B264EFBE6}.Release|Any CPU.Build.0 = Release|Any CPU
		{91C3C01F-68D2-4D9C-8932-B91B264EFBE6}.Release|ARM.ActiveCfg = Release|Any CPU
		{91C3C01F-68D2-4D9C-8932-B91B264EFBE6}.Release|ARM.Build.0 = Release|Any CPU
		{91C3C01F-68D2-4D9C-8932-B91B264EFBE6}.Release|ARM64.ActiveCfg = Release|Any CPU
		{91C3C01F-68D2-4D9C-8932-B91B264EFBE6}.Release|ARM64.Build.0 = Release|Any CPU
		{91C3C01F-68D2-4D9C-8932-B91B264EFBE6}.Release|x64.ActiveCfg = Release|Any CPU
		{91C3C01F-68D2-4D9C-8932-B91B264EFBE6}.Release|x64.Build.0 = Release|Any CPU
		{91C3C01F-68D2-4D9C-8932-B91B264EFBE6}.Release|x86.ActiveCfg = Release|Any CPU
		{91C3C01F-68D2-4D9C-8932-B91B264EFBE6}.Release|x86.Build.0 = Release|Any CPU
		{C9C3B3D7-182C-45DB-A04C-07FE4027F515}.Debug|Any CPU.ActiveCfg = Debug|Any CPU
		{C9C3B3D7-182C-45DB-A04C-07FE4027F515}.Debug|Any CPU.Build.0 = Debug|Any CPU
		{C9C3B3D7-182C-45DB-A04C-07FE4027F515}.Debug|ARM.ActiveCfg = Debug|Any CPU
		{C9C3B3D7-182C-45DB-A04C-07FE4027F515}.Debug|ARM.Build.0 = Debug|Any CPU
		{C9C3B3D7-182C-45DB-A04C-07FE4027F515}.Debug|ARM64.ActiveCfg = Debug|Any CPU
		{C9C3B3D7-182C-45DB-A04C-07FE4027F515}.Debug|ARM64.Build.0 = Debug|Any CPU
		{C9C3B3D7-182C-45DB-A04C-07FE4027F515}.Debug|x64.ActiveCfg = Debug|Any CPU
		{C9C3B3D7-182C-45DB-A04C-07FE4027F515}.Debug|x64.Build.0 = Debug|Any CPU
		{C9C3B3D7-182C-45DB-A04C-07FE4027F515}.Debug|x86.ActiveCfg = Debug|Any CPU
		{C9C3B3D7-182C-45DB-A04C-07FE4027F515}.Debug|x86.Build.0 = Debug|Any CPU
		{C9C3B3D7-182C-45DB-A04C-07FE4027F515}.Release|Any CPU.ActiveCfg = Release|Any CPU
		{C9C3B3D7-182C-45DB-A04C-07FE4027F515}.Release|Any CPU.Build.0 = Release|Any CPU
		{C9C3B3D7-182C-45DB-A04C-07FE4027F515}.Release|ARM.ActiveCfg = Release|Any CPU
		{C9C3B3D7-182C-45DB-A04C-07FE4027F515}.Release|ARM.Build.0 = Release|Any CPU
		{C9C3B3D7-182C-45DB-A04C-07FE4027F515}.Release|ARM64.ActiveCfg = Release|Any CPU
		{C9C3B3D7-182C-45DB-A04C-07FE4027F515}.Release|ARM64.Build.0 = Release|Any CPU
		{C9C3B3D7-182C-45DB-A04C-07FE4027F515}.Release|x64.ActiveCfg = Release|Any CPU
		{C9C3B3D7-182C-45DB-A04C-07FE4027F515}.Release|x64.Build.0 = Release|Any CPU
		{C9C3B3D7-182C-45DB-A04C-07FE4027F515}.Release|x86.ActiveCfg = Release|Any CPU
		{C9C3B3D7-182C-45DB-A04C-07FE4027F515}.Release|x86.Build.0 = Release|Any CPU
		{1712502B-8DDE-427A-A070-0CA307F96AAE}.Debug|Any CPU.ActiveCfg = Debug|Any CPU
		{1712502B-8DDE-427A-A070-0CA307F96AAE}.Debug|Any CPU.Build.0 = Debug|Any CPU
		{1712502B-8DDE-427A-A070-0CA307F96AAE}.Debug|ARM.ActiveCfg = Debug|Any CPU
		{1712502B-8DDE-427A-A070-0CA307F96AAE}.Debug|ARM.Build.0 = Debug|Any CPU
		{1712502B-8DDE-427A-A070-0CA307F96AAE}.Debug|ARM64.ActiveCfg = Debug|Any CPU
		{1712502B-8DDE-427A-A070-0CA307F96AAE}.Debug|ARM64.Build.0 = Debug|Any CPU
		{1712502B-8DDE-427A-A070-0CA307F96AAE}.Debug|x64.ActiveCfg = Debug|Any CPU
		{1712502B-8DDE-427A-A070-0CA307F96AAE}.Debug|x64.Build.0 = Debug|Any CPU
		{1712502B-8DDE-427A-A070-0CA307F96AAE}.Debug|x86.ActiveCfg = Debug|Any CPU
		{1712502B-8DDE-427A-A070-0CA307F96AAE}.Debug|x86.Build.0 = Debug|Any CPU
		{1712502B-8DDE-427A-A070-0CA307F96AAE}.Release|Any CPU.ActiveCfg = Release|Any CPU
		{1712502B-8DDE-427A-A070-0CA307F96AAE}.Release|Any CPU.Build.0 = Release|Any CPU
		{1712502B-8DDE-427A-A070-0CA307F96AAE}.Release|ARM.ActiveCfg = Release|Any CPU
		{1712502B-8DDE-427A-A070-0CA307F96AAE}.Release|ARM.Build.0 = Release|Any CPU
		{1712502B-8DDE-427A-A070-0CA307F96AAE}.Release|ARM64.ActiveCfg = Release|Any CPU
		{1712502B-8DDE-427A-A070-0CA307F96AAE}.Release|ARM64.Build.0 = Release|Any CPU
		{1712502B-8DDE-427A-A070-0CA307F96AAE}.Release|x64.ActiveCfg = Release|Any CPU
		{1712502B-8DDE-427A-A070-0CA307F96AAE}.Release|x64.Build.0 = Release|Any CPU
		{1712502B-8DDE-427A-A070-0CA307F96AAE}.Release|x86.ActiveCfg = Release|Any CPU
		{1712502B-8DDE-427A-A070-0CA307F96AAE}.Release|x86.Build.0 = Release|Any CPU
		{CC72522E-2EB3-43EE-8B7E-53E669232D03}.Debug|Any CPU.ActiveCfg = Debug|Any CPU
		{CC72522E-2EB3-43EE-8B7E-53E669232D03}.Debug|Any CPU.Build.0 = Debug|Any CPU
		{CC72522E-2EB3-43EE-8B7E-53E669232D03}.Debug|ARM.ActiveCfg = Debug|Any CPU
		{CC72522E-2EB3-43EE-8B7E-53E669232D03}.Debug|ARM.Build.0 = Debug|Any CPU
		{CC72522E-2EB3-43EE-8B7E-53E669232D03}.Debug|ARM64.ActiveCfg = Debug|Any CPU
		{CC72522E-2EB3-43EE-8B7E-53E669232D03}.Debug|ARM64.Build.0 = Debug|Any CPU
		{CC72522E-2EB3-43EE-8B7E-53E669232D03}.Debug|x64.ActiveCfg = Debug|Any CPU
		{CC72522E-2EB3-43EE-8B7E-53E669232D03}.Debug|x64.Build.0 = Debug|Any CPU
		{CC72522E-2EB3-43EE-8B7E-53E669232D03}.Debug|x86.ActiveCfg = Debug|Any CPU
		{CC72522E-2EB3-43EE-8B7E-53E669232D03}.Debug|x86.Build.0 = Debug|Any CPU
		{CC72522E-2EB3-43EE-8B7E-53E669232D03}.Release|Any CPU.ActiveCfg = Release|Any CPU
		{CC72522E-2EB3-43EE-8B7E-53E669232D03}.Release|Any CPU.Build.0 = Release|Any CPU
		{CC72522E-2EB3-43EE-8B7E-53E669232D03}.Release|ARM.ActiveCfg = Release|Any CPU
		{CC72522E-2EB3-43EE-8B7E-53E669232D03}.Release|ARM.Build.0 = Release|Any CPU
		{CC72522E-2EB3-43EE-8B7E-53E669232D03}.Release|ARM64.ActiveCfg = Release|Any CPU
		{CC72522E-2EB3-43EE-8B7E-53E669232D03}.Release|ARM64.Build.0 = Release|Any CPU
		{CC72522E-2EB3-43EE-8B7E-53E669232D03}.Release|x64.ActiveCfg = Release|Any CPU
		{CC72522E-2EB3-43EE-8B7E-53E669232D03}.Release|x64.Build.0 = Release|Any CPU
		{CC72522E-2EB3-43EE-8B7E-53E669232D03}.Release|x86.ActiveCfg = Release|Any CPU
		{CC72522E-2EB3-43EE-8B7E-53E669232D03}.Release|x86.Build.0 = Release|Any CPU
		{22350E43-E631-4538-A594-245E5E866607}.Debug|Any CPU.ActiveCfg = Debug|Any CPU
		{22350E43-E631-4538-A594-245E5E866607}.Debug|Any CPU.Build.0 = Debug|Any CPU
		{22350E43-E631-4538-A594-245E5E866607}.Debug|ARM.ActiveCfg = Debug|Any CPU
		{22350E43-E631-4538-A594-245E5E866607}.Debug|ARM.Build.0 = Debug|Any CPU
		{22350E43-E631-4538-A594-245E5E866607}.Debug|ARM64.ActiveCfg = Debug|Any CPU
		{22350E43-E631-4538-A594-245E5E866607}.Debug|ARM64.Build.0 = Debug|Any CPU
		{22350E43-E631-4538-A594-245E5E866607}.Debug|x64.ActiveCfg = Debug|Any CPU
		{22350E43-E631-4538-A594-245E5E866607}.Debug|x64.Build.0 = Debug|Any CPU
		{22350E43-E631-4538-A594-245E5E866607}.Debug|x86.ActiveCfg = Debug|Any CPU
		{22350E43-E631-4538-A594-245E5E866607}.Debug|x86.Build.0 = Debug|Any CPU
		{22350E43-E631-4538-A594-245E5E866607}.Release|Any CPU.ActiveCfg = Release|Any CPU
		{22350E43-E631-4538-A594-245E5E866607}.Release|Any CPU.Build.0 = Release|Any CPU
		{22350E43-E631-4538-A594-245E5E866607}.Release|ARM.ActiveCfg = Release|Any CPU
		{22350E43-E631-4538-A594-245E5E866607}.Release|ARM.Build.0 = Release|Any CPU
		{22350E43-E631-4538-A594-245E5E866607}.Release|ARM64.ActiveCfg = Release|Any CPU
		{22350E43-E631-4538-A594-245E5E866607}.Release|ARM64.Build.0 = Release|Any CPU
		{22350E43-E631-4538-A594-245E5E866607}.Release|x64.ActiveCfg = Release|Any CPU
		{22350E43-E631-4538-A594-245E5E866607}.Release|x64.Build.0 = Release|Any CPU
		{22350E43-E631-4538-A594-245E5E866607}.Release|x86.ActiveCfg = Release|Any CPU
		{22350E43-E631-4538-A594-245E5E866607}.Release|x86.Build.0 = Release|Any CPU
		{51A96F83-8B97-411F-92DE-47425D8CC4DC}.Debug|Any CPU.ActiveCfg = Debug|Any CPU
		{51A96F83-8B97-411F-92DE-47425D8CC4DC}.Debug|Any CPU.Build.0 = Debug|Any CPU
		{51A96F83-8B97-411F-92DE-47425D8CC4DC}.Debug|ARM.ActiveCfg = Debug|Any CPU
		{51A96F83-8B97-411F-92DE-47425D8CC4DC}.Debug|ARM.Build.0 = Debug|Any CPU
		{51A96F83-8B97-411F-92DE-47425D8CC4DC}.Debug|ARM64.ActiveCfg = Debug|Any CPU
		{51A96F83-8B97-411F-92DE-47425D8CC4DC}.Debug|ARM64.Build.0 = Debug|Any CPU
		{51A96F83-8B97-411F-92DE-47425D8CC4DC}.Debug|x64.ActiveCfg = Debug|Any CPU
		{51A96F83-8B97-411F-92DE-47425D8CC4DC}.Debug|x64.Build.0 = Debug|Any CPU
		{51A96F83-8B97-411F-92DE-47425D8CC4DC}.Debug|x86.ActiveCfg = Debug|Any CPU
		{51A96F83-8B97-411F-92DE-47425D8CC4DC}.Debug|x86.Build.0 = Debug|Any CPU
		{51A96F83-8B97-411F-92DE-47425D8CC4DC}.Release|Any CPU.ActiveCfg = Release|Any CPU
		{51A96F83-8B97-411F-92DE-47425D8CC4DC}.Release|Any CPU.Build.0 = Release|Any CPU
		{51A96F83-8B97-411F-92DE-47425D8CC4DC}.Release|ARM.ActiveCfg = Release|Any CPU
		{51A96F83-8B97-411F-92DE-47425D8CC4DC}.Release|ARM.Build.0 = Release|Any CPU
		{51A96F83-8B97-411F-92DE-47425D8CC4DC}.Release|ARM64.ActiveCfg = Release|Any CPU
		{51A96F83-8B97-411F-92DE-47425D8CC4DC}.Release|ARM64.Build.0 = Release|Any CPU
		{51A96F83-8B97-411F-92DE-47425D8CC4DC}.Release|x64.ActiveCfg = Release|Any CPU
		{51A96F83-8B97-411F-92DE-47425D8CC4DC}.Release|x64.Build.0 = Release|Any CPU
		{51A96F83-8B97-411F-92DE-47425D8CC4DC}.Release|x86.ActiveCfg = Release|Any CPU
		{51A96F83-8B97-411F-92DE-47425D8CC4DC}.Release|x86.Build.0 = Release|Any CPU
		{558FDD10-D095-4312-91CD-04D994230226}.Debug|Any CPU.ActiveCfg = Debug|Any CPU
		{558FDD10-D095-4312-91CD-04D994230226}.Debug|Any CPU.Build.0 = Debug|Any CPU
		{558FDD10-D095-4312-91CD-04D994230226}.Debug|ARM.ActiveCfg = Debug|Any CPU
		{558FDD10-D095-4312-91CD-04D994230226}.Debug|ARM.Build.0 = Debug|Any CPU
		{558FDD10-D095-4312-91CD-04D994230226}.Debug|ARM64.ActiveCfg = Debug|Any CPU
		{558FDD10-D095-4312-91CD-04D994230226}.Debug|ARM64.Build.0 = Debug|Any CPU
		{558FDD10-D095-4312-91CD-04D994230226}.Debug|x64.ActiveCfg = Debug|Any CPU
		{558FDD10-D095-4312-91CD-04D994230226}.Debug|x64.Build.0 = Debug|Any CPU
		{558FDD10-D095-4312-91CD-04D994230226}.Debug|x86.ActiveCfg = Debug|Any CPU
		{558FDD10-D095-4312-91CD-04D994230226}.Debug|x86.Build.0 = Debug|Any CPU
		{558FDD10-D095-4312-91CD-04D994230226}.Release|Any CPU.ActiveCfg = Release|Any CPU
		{558FDD10-D095-4312-91CD-04D994230226}.Release|Any CPU.Build.0 = Release|Any CPU
		{558FDD10-D095-4312-91CD-04D994230226}.Release|ARM.ActiveCfg = Release|Any CPU
		{558FDD10-D095-4312-91CD-04D994230226}.Release|ARM.Build.0 = Release|Any CPU
		{558FDD10-D095-4312-91CD-04D994230226}.Release|ARM64.ActiveCfg = Release|Any CPU
		{558FDD10-D095-4312-91CD-04D994230226}.Release|ARM64.Build.0 = Release|Any CPU
		{558FDD10-D095-4312-91CD-04D994230226}.Release|x64.ActiveCfg = Release|Any CPU
		{558FDD10-D095-4312-91CD-04D994230226}.Release|x64.Build.0 = Release|Any CPU
		{558FDD10-D095-4312-91CD-04D994230226}.Release|x86.ActiveCfg = Release|Any CPU
		{558FDD10-D095-4312-91CD-04D994230226}.Release|x86.Build.0 = Release|Any CPU
		{4F8DAACA-E643-401A-9753-B22F4E4062BB}.Debug|Any CPU.ActiveCfg = Debug|Any CPU
		{4F8DAACA-E643-401A-9753-B22F4E4062BB}.Debug|Any CPU.Build.0 = Debug|Any CPU
		{4F8DAACA-E643-401A-9753-B22F4E4062BB}.Debug|ARM.ActiveCfg = Debug|Any CPU
		{4F8DAACA-E643-401A-9753-B22F4E4062BB}.Debug|ARM.Build.0 = Debug|Any CPU
		{4F8DAACA-E643-401A-9753-B22F4E4062BB}.Debug|ARM64.ActiveCfg = Debug|Any CPU
		{4F8DAACA-E643-401A-9753-B22F4E4062BB}.Debug|ARM64.Build.0 = Debug|Any CPU
		{4F8DAACA-E643-401A-9753-B22F4E4062BB}.Debug|x64.ActiveCfg = Debug|Any CPU
		{4F8DAACA-E643-401A-9753-B22F4E4062BB}.Debug|x64.Build.0 = Debug|Any CPU
		{4F8DAACA-E643-401A-9753-B22F4E4062BB}.Debug|x86.ActiveCfg = Debug|Any CPU
		{4F8DAACA-E643-401A-9753-B22F4E4062BB}.Debug|x86.Build.0 = Debug|Any CPU
		{4F8DAACA-E643-401A-9753-B22F4E4062BB}.Release|Any CPU.ActiveCfg = Release|Any CPU
		{4F8DAACA-E643-401A-9753-B22F4E4062BB}.Release|Any CPU.Build.0 = Release|Any CPU
		{4F8DAACA-E643-401A-9753-B22F4E4062BB}.Release|ARM.ActiveCfg = Release|Any CPU
		{4F8DAACA-E643-401A-9753-B22F4E4062BB}.Release|ARM.Build.0 = Release|Any CPU
		{4F8DAACA-E643-401A-9753-B22F4E4062BB}.Release|ARM64.ActiveCfg = Release|Any CPU
		{4F8DAACA-E643-401A-9753-B22F4E4062BB}.Release|ARM64.Build.0 = Release|Any CPU
		{4F8DAACA-E643-401A-9753-B22F4E4062BB}.Release|x64.ActiveCfg = Release|Any CPU
		{4F8DAACA-E643-401A-9753-B22F4E4062BB}.Release|x64.Build.0 = Release|Any CPU
		{4F8DAACA-E643-401A-9753-B22F4E4062BB}.Release|x86.ActiveCfg = Release|Any CPU
		{4F8DAACA-E643-401A-9753-B22F4E4062BB}.Release|x86.Build.0 = Release|Any CPU
	EndGlobalSection
	GlobalSection(SolutionProperties) = preSolution
		HideSolutionNode = FALSE
	EndGlobalSection
	GlobalSection(NestedProjects) = preSolution
		{C9C3B3D7-182C-45DB-A04C-07FE4027F515} = {FBF1A3CC-14E2-4E4E-85B2-0B21FE2571CC}
		{1712502B-8DDE-427A-A070-0CA307F96AAE} = {FBF1A3CC-14E2-4E4E-85B2-0B21FE2571CC}
		{CC72522E-2EB3-43EE-8B7E-53E669232D03} = {FBF1A3CC-14E2-4E4E-85B2-0B21FE2571CC}
		{22350E43-E631-4538-A594-245E5E866607} = {FBF1A3CC-14E2-4E4E-85B2-0B21FE2571CC}
		{51A96F83-8B97-411F-92DE-47425D8CC4DC} = {FBF1A3CC-14E2-4E4E-85B2-0B21FE2571CC}
		{558FDD10-D095-4312-91CD-04D994230226} = {FBF1A3CC-14E2-4E4E-85B2-0B21FE2571CC}
		{4F8DAACA-E643-401A-9753-B22F4E4062BB} = {FBF1A3CC-14E2-4E4E-85B2-0B21FE2571CC}
	EndGlobalSection
	GlobalSection(ExtensibilityGlobals) = postSolution
		SolutionGuid = {CD7ADD62-E3BD-453A-B653-BC70DB9FF817}
	EndGlobalSection
EndGlobal
